// !$*UTF8*$!
{
	archiveVersion = 1;
	classes = {
	};
	objectVersion = 46;
	objects = {

/* Begin PBXBuildFile section */
		4C9C330A177892D200FE5D19 /* UIKit.framework in Frameworks */ = {isa = PBXBuildFile; fileRef = 4C9C3309177892D200FE5D19 /* UIKit.framework */; };
		4C9C330C177892D200FE5D19 /* Foundation.framework in Frameworks */ = {isa = PBXBuildFile; fileRef = 4C9C330B177892D200FE5D19 /* Foundation.framework */; };
		4C9C330E177892D200FE5D19 /* CoreGraphics.framework in Frameworks */ = {isa = PBXBuildFile; fileRef = 4C9C330D177892D200FE5D19 /* CoreGraphics.framework */; };
		4C9C3314177892D200FE5D19 /* InfoPlist.strings in Resources */ = {isa = PBXBuildFile; fileRef = 4C9C3312177892D200FE5D19 /* InfoPlist.strings */; };
		4C9C3316177892D200FE5D19 /* main.m in Sources */ = {isa = PBXBuildFile; fileRef = 4C9C3315177892D200FE5D19 /* main.m */; };
		4C9C331A177892D200FE5D19 /* TOAppDelegate.m in Sources */ = {isa = PBXBuildFile; fileRef = 4C9C3319177892D200FE5D19 /* TOAppDelegate.m */; };
		4C9C331C177892D200FE5D19 /* Default.png in Resources */ = {isa = PBXBuildFile; fileRef = 4C9C331B177892D200FE5D19 /* Default.png */; };
		4C9C331E177892D200FE5D19 /* Default@2x.png in Resources */ = {isa = PBXBuildFile; fileRef = 4C9C331D177892D200FE5D19 /* Default@2x.png */; };
		4C9C3320177892D200FE5D19 /* Default-568h@2x.png in Resources */ = {isa = PBXBuildFile; fileRef = 4C9C331F177892D200FE5D19 /* Default-568h@2x.png */; };
		4C9C3323177892D200FE5D19 /* MainStoryboard_iPhone.storyboard in Resources */ = {isa = PBXBuildFile; fileRef = 4C9C3321177892D200FE5D19 /* MainStoryboard_iPhone.storyboard */; };
		4C9C3326177892D200FE5D19 /* MainStoryboard_iPad.storyboard in Resources */ = {isa = PBXBuildFile; fileRef = 4C9C3324177892D200FE5D19 /* MainStoryboard_iPad.storyboard */; };
		4C9C3329177892D200FE5D19 /* TOViewController.m in Sources */ = {isa = PBXBuildFile; fileRef = 4C9C3328177892D200FE5D19 /* TOViewController.m */; };
/* End PBXBuildFile section */

/* Begin PBXFileReference section */
		4C9C3306177892D200FE5D19 /* Widgets.app */ = {isa = PBXFileReference; explicitFileType = wrapper.application; includeInIndex = 0; path = Widgets.app; sourceTree = BUILT_PRODUCTS_DIR; };
		4C9C3309177892D200FE5D19 /* UIKit.framework */ = {isa = PBXFileReference; lastKnownFileType = wrapper.framework; name = UIKit.framework; path = System/Library/Frameworks/UIKit.framework; sourceTree = SDKROOT; };
		4C9C330B177892D200FE5D19 /* Foundation.framework */ = {isa = PBXFileReference; lastKnownFileType = wrapper.framework; name = Foundation.framework; path = System/Library/Frameworks/Foundation.framework; sourceTree = SDKROOT; };
		4C9C330D177892D200FE5D19 /* CoreGraphics.framework */ = {isa = PBXFileReference; lastKnownFileType = wrapper.framework; name = CoreGraphics.framework; path = System/Library/Frameworks/CoreGraphics.framework; sourceTree = SDKROOT; };
		4C9C3311177892D200FE5D19 /* Widgets-Info.plist */ = {isa = PBXFileReference; lastKnownFileType = text.plist.xml; path = "Widgets-Info.plist"; sourceTree = "<group>"; };
		4C9C3313177892D200FE5D19 /* en */ = {isa = PBXFileReference; lastKnownFileType = text.plist.strings; name = en; path = en.lproj/InfoPlist.strings; sourceTree = "<group>"; };
		4C9C3315177892D200FE5D19 /* main.m */ = {isa = PBXFileReference; lastKnownFileType = sourcecode.c.objc; path = main.m; sourceTree = "<group>"; };
		4C9C3317177892D200FE5D19 /* Widgets-Prefix.pch */ = {isa = PBXFileReference; lastKnownFileType = sourcecode.c.h; path = "Widgets-Prefix.pch"; sourceTree = "<group>"; };
		4C9C3318177892D200FE5D19 /* TOAppDelegate.h */ = {isa = PBXFileReference; lastKnownFileType = sourcecode.c.h; path = TOAppDelegate.h; sourceTree = "<group>"; };
		4C9C3319177892D200FE5D19 /* TOAppDelegate.m */ = {isa = PBXFileReference; lastKnownFileType = sourcecode.c.objc; path = TOAppDelegate.m; sourceTree = "<group>"; };
		4C9C331B177892D200FE5D19 /* Default.png */ = {isa = PBXFileReference; lastKnownFileType = image.png; path = Default.png; sourceTree = "<group>"; };
		4C9C331D177892D200FE5D19 /* Default@2x.png */ = {isa = PBXFileReference; lastKnownFileType = image.png; path = "Default@2x.png"; sourceTree = "<group>"; };
		4C9C331F177892D200FE5D19 /* Default-568h@2x.png */ = {isa = PBXFileReference; lastKnownFileType = image.png; path = "Default-568h@2x.png"; sourceTree = "<group>"; };
		4C9C3322177892D200FE5D19 /* en */ = {isa = PBXFileReference; lastKnownFileType = file.storyboard; name = en; path = en.lproj/MainStoryboard_iPhone.storyboard; sourceTree = "<group>"; };
		4C9C3325177892D200FE5D19 /* en */ = {isa = PBXFileReference; lastKnownFileType = file.storyboard; name = en; path = en.lproj/MainStoryboard_iPad.storyboard; sourceTree = "<group>"; };
		4C9C3327177892D200FE5D19 /* TOViewController.h */ = {isa = PBXFileReference; lastKnownFileType = sourcecode.c.h; path = TOViewController.h; sourceTree = "<group>"; };
		4C9C3328177892D200FE5D19 /* TOViewController.m */ = {isa = PBXFileReference; lastKnownFileType = sourcecode.c.objc; path = TOViewController.m; sourceTree = "<group>"; };
/* End PBXFileReference section */

/* Begin PBXFrameworksBuildPhase section */
		4C9C3303177892D200FE5D19 /* Frameworks */ = {
			isa = PBXFrameworksBuildPhase;
			buildActionMask = 2147483647;
			files = (
				4C9C330A177892D200FE5D19 /* UIKit.framework in Frameworks */,
				4C9C330C177892D200FE5D19 /* Foundation.framework in Frameworks */,
				4C9C330E177892D200FE5D19 /* CoreGraphics.framework in Frameworks */,
			);
			runOnlyForDeploymentPostprocessing = 0;
		};
/* End PBXFrameworksBuildPhase section */

/* Begin PBXGroup section */
		4C9C32FD177892D200FE5D19 = {
			isa = PBXGroup;
			children = (
				4C9C330F177892D200FE5D19 /* Widgets */,
				4C9C3308177892D200FE5D19 /* Frameworks */,
				4C9C3307177892D200FE5D19 /* Products */,
			);
			sourceTree = "<group>";
		};
		4C9C3307177892D200FE5D19 /* Products */ = {
			isa = PBXGroup;
			children = (
				4C9C3306177892D200FE5D19 /* Widgets.app */,
			);
			name = Products;
			sourceTree = "<group>";
		};
		4C9C3308177892D200FE5D19 /* Frameworks */ = {
			isa = PBXGroup;
			children = (
				4C9C3309177892D200FE5D19 /* UIKit.framework */,
				4C9C330B177892D200FE5D19 /* Foundation.framework */,
				4C9C330D177892D200FE5D19 /* CoreGraphics.framework */,
			);
			name = Frameworks;
			sourceTree = "<group>";
		};
		4C9C330F177892D200FE5D19 /* Widgets */ = {
			isa = PBXGroup;
			children = (
				4C9C3318177892D200FE5D19 /* TOAppDelegate.h */,
				4C9C3319177892D200FE5D19 /* TOAppDelegate.m */,
				4C9C3321177892D200FE5D19 /* MainStoryboard_iPhone.storyboard */,
				4C9C3324177892D200FE5D19 /* MainStoryboard_iPad.storyboard */,
				4C9C3327177892D200FE5D19 /* TOViewController.h */,
				4C9C3328177892D200FE5D19 /* TOViewController.m */,
				4C9C3310177892D200FE5D19 /* Supporting Files */,
			);
			path = Widgets;
			sourceTree = "<group>";
		};
		4C9C3310177892D200FE5D19 /* Supporting Files */ = {
			isa = PBXGroup;
			children = (
				4C9C3311177892D200FE5D19 /* Widgets-Info.plist */,
				4C9C3312177892D200FE5D19 /* InfoPlist.strings */,
				4C9C3315177892D200FE5D19 /* main.m */,
				4C9C3317177892D200FE5D19 /* Widgets-Prefix.pch */,
				4C9C331B177892D200FE5D19 /* Default.png */,
				4C9C331D177892D200FE5D19 /* Default@2x.png */,
				4C9C331F177892D200FE5D19 /* Default-568h@2x.png */,
			);
			name = "Supporting Files";
			sourceTree = "<group>";
		};
/* End PBXGroup section */

/* Begin PBXNativeTarget section */
		4C9C3305177892D200FE5D19 /* Widgets */ = {
			isa = PBXNativeTarget;
			buildConfigurationList = 4C9C332C177892D200FE5D19 /* Build configuration list for PBXNativeTarget "Widgets" */;
			buildPhases = (
				4C9C3302177892D200FE5D19 /* Sources */,
				4C9C3303177892D200FE5D19 /* Frameworks */,
				4C9C3304177892D200FE5D19 /* Resources */,
			);
			buildRules = (
			);
			dependencies = (
			);
			name = Widgets;
			productName = Widgets;
			productReference = 4C9C3306177892D200FE5D19 /* Widgets.app */;
			productType = "com.apple.product-type.application";
		};
/* End PBXNativeTarget section */

/* Begin PBXProject section */
		4C9C32FE177892D200FE5D19 /* Project object */ = {
			isa = PBXProject;
			attributes = {
				CLASSPREFIX = TO;
				LastUpgradeCheck = 0460;
				ORGANIZATIONNAME = "Zühlke";
			};
			buildConfigurationList = 4C9C3301177892D200FE5D19 /* Build configuration list for PBXProject "Widgets" */;
			compatibilityVersion = "Xcode 3.2";
			developmentRegion = English;
			hasScannedForEncodings = 0;
			knownRegions = (
				en,
			);
			mainGroup = 4C9C32FD177892D200FE5D19;
			productRefGroup = 4C9C3307177892D200FE5D19 /* Products */;
			projectDirPath = "";
			projectRoot = "";
			targets = (
				4C9C3305177892D200FE5D19 /* Widgets */,
			);
		};
/* End PBXProject section */

/* Begin PBXResourcesBuildPhase section */
		4C9C3304177892D200FE5D19 /* Resources */ = {
			isa = PBXResourcesBuildPhase;
			buildActionMask = 2147483647;
			files = (
				4C9C3314177892D200FE5D19 /* InfoPlist.strings in Resources */,
				4C9C331C177892D200FE5D19 /* Default.png in Resources */,
				4C9C331E177892D200FE5D19 /* Default@2x.png in Resources */,
				4C9C3320177892D200FE5D19 /* Default-568h@2x.png in Resources */,
				4C9C3323177892D200FE5D19 /* MainStoryboard_iPhone.storyboard in Resources */,
				4C9C3326177892D200FE5D19 /* MainStoryboard_iPad.storyboard in Resources */,
			);
			runOnlyForDeploymentPostprocessing = 0;
		};
/* End PBXResourcesBuildPhase section */

/* Begin PBXSourcesBuildPhase section */
		4C9C3302177892D200FE5D19 /* Sources */ = {
			isa = PBXSourcesBuildPhase;
			buildActionMask = 2147483647;
			files = (
				4C9C3316177892D200FE5D19 /* main.m in Sources */,
				4C9C331A177892D200FE5D19 /* TOAppDelegate.m in Sources */,
				4C9C3329177892D200FE5D19 /* TOViewController.m in Sources */,
			);
			runOnlyForDeploymentPostprocessing = 0;
		};
/* End PBXSourcesBuildPhase section */

/* Begin PBXVariantGroup section */
		4C9C3312177892D200FE5D19 /* InfoPlist.strings */ = {
			isa = PBXVariantGroup;
			children = (
				4C9C3313177892D200FE5D19 /* en */,
			);
			name = InfoPlist.strings;
			sourceTree = "<group>";
		};
		4C9C3321177892D200FE5D19 /* MainStoryboard_iPhone.storyboard */ = {
			isa = PBXVariantGroup;
			children = (
				4C9C3322177892D200FE5D19 /* en */,
			);
			name = MainStoryboard_iPhone.storyboard;
			sourceTree = "<group>";
		};
		4C9C3324177892D200FE5D19 /* MainStoryboard_iPad.storyboard */ = {
			isa = PBXVariantGroup;
			children = (
				4C9C3325177892D200FE5D19 /* en */,
			);
			name = MainStoryboard_iPad.storyboard;
			sourceTree = "<group>";
		};
/* End PBXVariantGroup section */

/* Begin XCBuildConfiguration section */
		4C9C332A177892D200FE5D19 /* Debug */ = {
			isa = XCBuildConfiguration;
			buildSettings = {
				ALWAYS_SEARCH_USER_PATHS = NO;
				CLANG_CXX_LANGUAGE_STANDARD = "gnu++0x";
				CLANG_CXX_LIBRARY = "libc++";
				CLANG_ENABLE_OBJC_ARC = YES;
				CLANG_WARN_CONSTANT_CONVERSION = YES;
				CLANG_WARN_EMPTY_BODY = YES;
				CLANG_WARN_ENUM_CONVERSION = YES;
				CLANG_WARN_INT_CONVERSION = YES;
				CLANG_WARN__DUPLICATE_METHOD_MATCH = YES;
				"CODE_SIGN_IDENTITY[sdk=iphoneos*]" = "iPhone Developer";
				COPY_PHASE_STRIP = NO;
				GCC_C_LANGUAGE_STANDARD = gnu99;
				GCC_DYNAMIC_NO_PIC = NO;
				GCC_OPTIMIZATION_LEVEL = 0;
				GCC_PREPROCESSOR_DEFINITIONS = (
					"DEBUG=1",
					"$(inherited)",
				);
				GCC_SYMBOLS_PRIVATE_EXTERN = NO;
				GCC_WARN_ABOUT_RETURN_TYPE = YES;
				GCC_WARN_UNINITIALIZED_AUTOS = YES;
				GCC_WARN_UNUSED_VARIABLE = YES;
				IPHONEOS_DEPLOYMENT_TARGET = 6.1;
				ONLY_ACTIVE_ARCH = YES;
				SDKROOT = iphoneos;
				TARGETED_DEVICE_FAMILY = "1,2";
			};
			name = Debug;
		};
		4C9C332B177892D200FE5D19 /* Release */ = {
			isa = XCBuildConfiguration;
			buildSettings = {
				ALWAYS_SEARCH_USER_PATHS = NO;
				CLANG_CXX_LANGUAGE_STANDARD = "gnu++0x";
				CLANG_CXX_LIBRARY = "libc++";
				CLANG_ENABLE_OBJC_ARC = YES;
				CLANG_WARN_CONSTANT_CONVERSION = YES;
				CLANG_WARN_EMPTY_BODY = YES;
				CLANG_WARN_ENUM_CONVERSION = YES;
				CLANG_WARN_INT_CONVERSION = YES;
				CLANG_WARN__DUPLICATE_METHOD_MATCH = YES;
				"CODE_SIGN_IDENTITY[sdk=iphoneos*]" = "iPhone Developer";
				COPY_PHASE_STRIP = YES;
				GCC_C_LANGUAGE_STANDARD = gnu99;
				GCC_WARN_ABOUT_RETURN_TYPE = YES;
				GCC_WARN_UNINITIALIZED_AUTOS = YES;
				GCC_WARN_UNUSED_VARIABLE = YES;
				IPHONEOS_DEPLOYMENT_TARGET = 6.1;
				OTHER_CFLAGS = "-DNS_BLOCK_ASSERTIONS=1";
				SDKROOT = iphoneos;
				TARGETED_DEVICE_FAMILY = "1,2";
				VALIDATE_PRODUCT = YES;
			};
			name = Release;
		};
		4C9C332D177892D200FE5D19 /* Debug */ = {
			isa = XCBuildConfiguration;
			buildSettings = {
				GCC_PRECOMPILE_PREFIX_HEADER = YES;
				GCC_PREFIX_HEADER = "Widgets/Widgets-Prefix.pch";
				INFOPLIST_FILE = "Widgets/Widgets-Info.plist";
				PRODUCT_NAME = "$(TARGET_NAME)";
				WRAPPER_EXTENSION = app;
			};
			name = Debug;
		};
		4C9C332E177892D200FE5D19 /* Release */ = {
			isa = XCBuildConfiguration;
			buildSettings = {
				GCC_PRECOMPILE_PREFIX_HEADER = YES;
				GCC_PREFIX_HEADER = "Widgets/Widgets-Prefix.pch";
				INFOPLIST_FILE = "Widgets/Widgets-Info.plist";
				PRODUCT_NAME = "$(TARGET_NAME)";
				WRAPPER_EXTENSION = app;
			};
			name = Release;
		};
/* End XCBuildConfiguration section */

/* Begin XCConfigurationList section */
		4C9C3301177892D200FE5D19 /* Build configuration list for PBXProject "Widgets" */ = {
			isa = XCConfigurationList;
			buildConfigurations = (
				4C9C332A177892D200FE5D19 /* Debug */,
				4C9C332B177892D200FE5D19 /* Release */,
			);
			defaultConfigurationIsVisible = 0;
			defaultConfigurationName = Release;
		};
		4C9C332C177892D200FE5D19 /* Build configuration list for PBXNativeTarget "Widgets" */ = {
			isa = XCConfigurationList;
			buildConfigurations = (
				4C9C332D177892D200FE5D19 /* Debug */,
				4C9C332E177892D200FE5D19 /* Release */,
			);
			defaultConfigurationIsVisible = 0;
		};
/* End XCConfigurationList section */
	};
	rootObject = 4C9C32FE177892D200FE5D19 /* Project object */;
}
