// !$*UTF8*$!
{
	archiveVersion = 1;
	classes = {
	};
	objectVersion = 46;
	objects = {

/* Begin PBXBuildFile section */
		DDE41B0416DFE08100342812 /* UIKit.framework in Frameworks */ = {isa = PBXBuildFile; fileRef = DDE41B0316DFE08100342812 /* UIKit.framework */; };
		DDE41B0616DFE08100342812 /* Foundation.framework in Frameworks */ = {isa = PBXBuildFile; fileRef = DDE41B0516DFE08100342812 /* Foundation.framework */; };
		DDE41B0816DFE08100342812 /* CoreGraphics.framework in Frameworks */ = {isa = PBXBuildFile; fileRef = DDE41B0716DFE08100342812 /* CoreGraphics.framework */; };
		DDE41B0E16DFE08100342812 /* InfoPlist.strings in Resources */ = {isa = PBXBuildFile; fileRef = DDE41B0C16DFE08100342812 /* InfoPlist.strings */; };
		DDE41B1016DFE08100342812 /* main.m in Sources */ = {isa = PBXBuildFile; fileRef = DDE41B0F16DFE08100342812 /* main.m */; };
		DDE41B1416DFE08100342812 /* TLAppDelegate.m in Sources */ = {isa = PBXBuildFile; fileRef = DDE41B1316DFE08100342812 /* TLAppDelegate.m */; };
		DDE41B1616DFE08100342812 /* Default.png in Resources */ = {isa = PBXBuildFile; fileRef = DDE41B1516DFE08100342812 /* Default.png */; };
		DDE41B1816DFE08100342812 /* Default@2x.png in Resources */ = {isa = PBXBuildFile; fileRef = DDE41B1716DFE08100342812 /* Default@2x.png */; };
		DDE41B1A16DFE08100342812 /* Default-568h@2x.png in Resources */ = {isa = PBXBuildFile; fileRef = DDE41B1916DFE08100342812 /* Default-568h@2x.png */; };
		DDE41B1D16DFE08100342812 /* MainStoryboard.storyboard in Resources */ = {isa = PBXBuildFile; fileRef = DDE41B1B16DFE08100342812 /* MainStoryboard.storyboard */; };
		DDE41B2816DFE39100342812 /* TLAddressViewController.m in Sources */ = {isa = PBXBuildFile; fileRef = DDE41B2716DFE39100342812 /* TLAddressViewController.m */; };
		DDE41B2B16DFE3B400342812 /* TLBillingViewController.m in Sources */ = {isa = PBXBuildFile; fileRef = DDE41B2A16DFE3B400342812 /* TLBillingViewController.m */; };
		DDE41B2E16DFE3C600342812 /* TLMainViewController.m in Sources */ = {isa = PBXBuildFile; fileRef = DDE41B2D16DFE3C600342812 /* TLMainViewController.m */; };
		DDE41B3116DFE62600342812 /* TLDoneViewController.m in Sources */ = {isa = PBXBuildFile; fileRef = DDE41B3016DFE62600342812 /* TLDoneViewController.m */; };
/* End PBXBuildFile section */

/* Begin PBXFileReference section */
		DDE41B0016DFE08100342812 /* TheLongline.app */ = {isa = PBXFileReference; explicitFileType = wrapper.application; includeInIndex = 0; path = TheLongline.app; sourceTree = BUILT_PRODUCTS_DIR; };
		DDE41B0316DFE08100342812 /* UIKit.framework */ = {isa = PBXFileReference; lastKnownFileType = wrapper.framework; name = UIKit.framework; path = System/Library/Frameworks/UIKit.framework; sourceTree = SDKROOT; };
		DDE41B0516DFE08100342812 /* Foundation.framework */ = {isa = PBXFileReference; lastKnownFileType = wrapper.framework; name = Foundation.framework; path = System/Library/Frameworks/Foundation.framework; sourceTree = SDKROOT; };
		DDE41B0716DFE08100342812 /* CoreGraphics.framework */ = {isa = PBXFileReference; lastKnownFileType = wrapper.framework; name = CoreGraphics.framework; path = System/Library/Frameworks/CoreGraphics.framework; sourceTree = SDKROOT; };
		DDE41B0B16DFE08100342812 /* TheLongline-Info.plist */ = {isa = PBXFileReference; lastKnownFileType = text.plist.xml; path = "TheLongline-Info.plist"; sourceTree = "<group>"; };
		DDE41B0D16DFE08100342812 /* en */ = {isa = PBXFileReference; lastKnownFileType = text.plist.strings; name = en; path = en.lproj/InfoPlist.strings; sourceTree = "<group>"; };
		DDE41B0F16DFE08100342812 /* main.m */ = {isa = PBXFileReference; lastKnownFileType = sourcecode.c.objc; path = main.m; sourceTree = "<group>"; };
		DDE41B1116DFE08100342812 /* TheLongline-Prefix.pch */ = {isa = PBXFileReference; lastKnownFileType = sourcecode.c.h; path = "TheLongline-Prefix.pch"; sourceTree = "<group>"; };
		DDE41B1216DFE08100342812 /* TLAppDelegate.h */ = {isa = PBXFileReference; lastKnownFileType = sourcecode.c.h; path = TLAppDelegate.h; sourceTree = "<group>"; };
		DDE41B1316DFE08100342812 /* TLAppDelegate.m */ = {isa = PBXFileReference; lastKnownFileType = sourcecode.c.objc; path = TLAppDelegate.m; sourceTree = "<group>"; };
		DDE41B1516DFE08100342812 /* Default.png */ = {isa = PBXFileReference; lastKnownFileType = image.png; path = Default.png; sourceTree = "<group>"; };
		DDE41B1716DFE08100342812 /* Default@2x.png */ = {isa = PBXFileReference; lastKnownFileType = image.png; path = "Default@2x.png"; sourceTree = "<group>"; };
		DDE41B1916DFE08100342812 /* Default-568h@2x.png */ = {isa = PBXFileReference; lastKnownFileType = image.png; path = "Default-568h@2x.png"; sourceTree = "<group>"; };
		DDE41B1C16DFE08100342812 /* en */ = {isa = PBXFileReference; lastKnownFileType = file.storyboard; name = en; path = en.lproj/MainStoryboard.storyboard; sourceTree = "<group>"; };
		DDE41B2616DFE39100342812 /* TLAddressViewController.h */ = {isa = PBXFileReference; fileEncoding = 4; lastKnownFileType = sourcecode.c.h; path = TLAddressViewController.h; sourceTree = "<group>"; };
		DDE41B2716DFE39100342812 /* TLAddressViewController.m */ = {isa = PBXFileReference; fileEncoding = 4; lastKnownFileType = sourcecode.c.objc; path = TLAddressViewController.m; sourceTree = "<group>"; };
		DDE41B2916DFE3B300342812 /* TLBillingViewController.h */ = {isa = PBXFileReference; fileEncoding = 4; lastKnownFileType = sourcecode.c.h; path = TLBillingViewController.h; sourceTree = "<group>"; };
		DDE41B2A16DFE3B400342812 /* TLBillingViewController.m */ = {isa = PBXFileReference; fileEncoding = 4; lastKnownFileType = sourcecode.c.objc; path = TLBillingViewController.m; sourceTree = "<group>"; };
		DDE41B2C16DFE3C600342812 /* TLMainViewController.h */ = {isa = PBXFileReference; fileEncoding = 4; lastKnownFileType = sourcecode.c.h; path = TLMainViewController.h; sourceTree = "<group>"; };
		DDE41B2D16DFE3C600342812 /* TLMainViewController.m */ = {isa = PBXFileReference; fileEncoding = 4; lastKnownFileType = sourcecode.c.objc; path = TLMainViewController.m; sourceTree = "<group>"; };
		DDE41B2F16DFE62600342812 /* TLDoneViewController.h */ = {isa = PBXFileReference; fileEncoding = 4; lastKnownFileType = sourcecode.c.h; path = TLDoneViewController.h; sourceTree = "<group>"; };
		DDE41B3016DFE62600342812 /* TLDoneViewController.m */ = {isa = PBXFileReference; fileEncoding = 4; lastKnownFileType = sourcecode.c.objc; path = TLDoneViewController.m; sourceTree = "<group>"; };
/* End PBXFileReference section */

/* Begin PBXFrameworksBuildPhase section */
		DDE41AFD16DFE08100342812 /* Frameworks */ = {
			isa = PBXFrameworksBuildPhase;
			buildActionMask = 2147483647;
			files = (
				DDE41B0416DFE08100342812 /* UIKit.framework in Frameworks */,
				DDE41B0616DFE08100342812 /* Foundation.framework in Frameworks */,
				DDE41B0816DFE08100342812 /* CoreGraphics.framework in Frameworks */,
			);
			runOnlyForDeploymentPostprocessing = 0;
		};
/* End PBXFrameworksBuildPhase section */

/* Begin PBXGroup section */
		DDE41AF716DFE08100342812 = {
			isa = PBXGroup;
			children = (
				DDE41B2C16DFE3C600342812 /* TLMainViewController.h */,
				DDE41B2D16DFE3C600342812 /* TLMainViewController.m */,
				DDE41B0916DFE08100342812 /* TheLongline */,
				DDE41B0216DFE08100342812 /* Frameworks */,
				DDE41B0116DFE08100342812 /* Products */,
			);
			sourceTree = "<group>";
		};
		DDE41B0116DFE08100342812 /* Products */ = {
			isa = PBXGroup;
			children = (
				DDE41B0016DFE08100342812 /* TheLongline.app */,
			);
			name = Products;
			sourceTree = "<group>";
		};
		DDE41B0216DFE08100342812 /* Frameworks */ = {
			isa = PBXGroup;
			children = (
				DDE41B0316DFE08100342812 /* UIKit.framework */,
				DDE41B0516DFE08100342812 /* Foundation.framework */,
				DDE41B0716DFE08100342812 /* CoreGraphics.framework */,
			);
			name = Frameworks;
			sourceTree = "<group>";
		};
		DDE41B0916DFE08100342812 /* TheLongline */ = {
			isa = PBXGroup;
			children = (
				DDE41B1216DFE08100342812 /* TLAppDelegate.h */,
				DDE41B1316DFE08100342812 /* TLAppDelegate.m */,
				DDE41B1B16DFE08100342812 /* MainStoryboard.storyboard */,
				DDE41B0A16DFE08100342812 /* Supporting Files */,
				DDE41B2616DFE39100342812 /* TLAddressViewController.h */,
				DDE41B2716DFE39100342812 /* TLAddressViewController.m */,
				DDE41B2916DFE3B300342812 /* TLBillingViewController.h */,
				DDE41B2A16DFE3B400342812 /* TLBillingViewController.m */,
				DDE41B2F16DFE62600342812 /* TLDoneViewController.h */,
				DDE41B3016DFE62600342812 /* TLDoneViewController.m */,
			);
			path = TheLongline;
			sourceTree = "<group>";
		};
		DDE41B0A16DFE08100342812 /* Supporting Files */ = {
			isa = PBXGroup;
			children = (
				DDE41B0B16DFE08100342812 /* TheLongline-Info.plist */,
				DDE41B0C16DFE08100342812 /* InfoPlist.strings */,
				DDE41B0F16DFE08100342812 /* main.m */,
				DDE41B1116DFE08100342812 /* TheLongline-Prefix.pch */,
				DDE41B1516DFE08100342812 /* Default.png */,
				DDE41B1716DFE08100342812 /* Default@2x.png */,
				DDE41B1916DFE08100342812 /* Default-568h@2x.png */,
			);
			name = "Supporting Files";
			sourceTree = "<group>";
		};
/* End PBXGroup section */

/* Begin PBXNativeTarget section */
		DDE41AFF16DFE08100342812 /* TheLongline */ = {
			isa = PBXNativeTarget;
			buildConfigurationList = DDE41B2316DFE08100342812 /* Build configuration list for PBXNativeTarget "TheLongline" */;
			buildPhases = (
				DDE41AFC16DFE08100342812 /* Sources */,
				DDE41AFD16DFE08100342812 /* Frameworks */,
				DDE41AFE16DFE08100342812 /* Resources */,
			);
			buildRules = (
			);
			dependencies = (
			);
			name = TheLongline;
			productName = TheLongline;
			productReference = DDE41B0016DFE08100342812 /* TheLongline.app */;
			productType = "com.apple.product-type.application";
		};
/* End PBXNativeTarget section */

/* Begin PBXProject section */
		DDE41AF816DFE08100342812 /* Project object */ = {
			isa = PBXProject;
			attributes = {
				CLASSPREFIX = TL;
				LastUpgradeCheck = 0460;
				ORGANIZATIONNAME = Z;
			};
			buildConfigurationList = DDE41AFB16DFE08100342812 /* Build configuration list for PBXProject "TheLongline" */;
			compatibilityVersion = "Xcode 3.2";
			developmentRegion = English;
			hasScannedForEncodings = 0;
			knownRegions = (
				en,
			);
			mainGroup = DDE41AF716DFE08100342812;
			productRefGroup = DDE41B0116DFE08100342812 /* Products */;
			projectDirPath = "";
			projectRoot = "";
			targets = (
				DDE41AFF16DFE08100342812 /* TheLongline */,
			);
		};
/* End PBXProject section */

/* Begin PBXResourcesBuildPhase section */
		DDE41AFE16DFE08100342812 /* Resources */ = {
			isa = PBXResourcesBuildPhase;
			buildActionMask = 2147483647;
			files = (
				DDE41B0E16DFE08100342812 /* InfoPlist.strings in Resources */,
				DDE41B1616DFE08100342812 /* Default.png in Resources */,
				DDE41B1816DFE08100342812 /* Default@2x.png in Resources */,
				DDE41B1A16DFE08100342812 /* Default-568h@2x.png in Resources */,
				DDE41B1D16DFE08100342812 /* MainStoryboard.storyboard in Resources */,
			);
			runOnlyForDeploymentPostprocessing = 0;
		};
/* End PBXResourcesBuildPhase section */

/* Begin PBXSourcesBuildPhase section */
		DDE41AFC16DFE08100342812 /* Sources */ = {
			isa = PBXSourcesBuildPhase;
			buildActionMask = 2147483647;
			files = (
				DDE41B1016DFE08100342812 /* main.m in Sources */,
				DDE41B1416DFE08100342812 /* TLAppDelegate.m in Sources */,
				DDE41B2816DFE39100342812 /* TLAddressViewController.m in Sources */,
				DDE41B2B16DFE3B400342812 /* TLBillingViewController.m in Sources */,
				DDE41B2E16DFE3C600342812 /* TLMainViewController.m in Sources */,
				DDE41B3116DFE62600342812 /* TLDoneViewController.m in Sources */,
			);
			runOnlyForDeploymentPostprocessing = 0;
		};
/* End PBXSourcesBuildPhase section */

/* Begin PBXVariantGroup section */
		DDE41B0C16DFE08100342812 /* InfoPlist.strings */ = {
			isa = PBXVariantGroup;
			children = (
				DDE41B0D16DFE08100342812 /* en */,
			);
			name = InfoPlist.strings;
			sourceTree = "<group>";
		};
		DDE41B1B16DFE08100342812 /* MainStoryboard.storyboard */ = {
			isa = PBXVariantGroup;
			children = (
				DDE41B1C16DFE08100342812 /* en */,
			);
			name = MainStoryboard.storyboard;
			sourceTree = "<group>";
		};
/* End PBXVariantGroup section */

/* Begin XCBuildConfiguration section */
		DDE41B2116DFE08100342812 /* Debug */ = {
			isa = XCBuildConfiguration;
			buildSettings = {
				ALWAYS_SEARCH_USER_PATHS = NO;
				CLANG_CXX_LANGUAGE_STANDARD = "gnu++0x";
				CLANG_CXX_LIBRARY = "libc++";
				CLANG_ENABLE_OBJC_ARC = YES;
				CLANG_WARN_CONSTANT_CONVERSION = YES;
				CLANG_WARN_EMPTY_BODY = YES;
				CLANG_WARN_ENUM_CONVERSION = YES;
				CLANG_WARN_INT_CONVERSION = YES;
				CLANG_WARN__DUPLICATE_METHOD_MATCH = YES;
				"CODE_SIGN_IDENTITY[sdk=iphoneos*]" = "iPhone Developer";
				COPY_PHASE_STRIP = NO;
				GCC_C_LANGUAGE_STANDARD = gnu99;
				GCC_DYNAMIC_NO_PIC = NO;
				GCC_OPTIMIZATION_LEVEL = 0;
				GCC_PREPROCESSOR_DEFINITIONS = (
					"DEBUG=1",
					"$(inherited)",
				);
				GCC_SYMBOLS_PRIVATE_EXTERN = NO;
				GCC_WARN_ABOUT_RETURN_TYPE = YES;
				GCC_WARN_UNINITIALIZED_AUTOS = YES;
				GCC_WARN_UNUSED_VARIABLE = YES;
				IPHONEOS_DEPLOYMENT_TARGET = 6.1;
				ONLY_ACTIVE_ARCH = YES;
				SDKROOT = iphoneos;
				TARGETED_DEVICE_FAMILY = 2;
			};
			name = Debug;
		};
		DDE41B2216DFE08100342812 /* Release */ = {
			isa = XCBuildConfiguration;
			buildSettings = {
				ALWAYS_SEARCH_USER_PATHS = NO;
				CLANG_CXX_LANGUAGE_STANDARD = "gnu++0x";
				CLANG_CXX_LIBRARY = "libc++";
				CLANG_ENABLE_OBJC_ARC = YES;
				CLANG_WARN_CONSTANT_CONVERSION = YES;
				CLANG_WARN_EMPTY_BODY = YES;
				CLANG_WARN_ENUM_CONVERSION = YES;
				CLANG_WARN_INT_CONVERSION = YES;
				CLANG_WARN__DUPLICATE_METHOD_MATCH = YES;
				"CODE_SIGN_IDENTITY[sdk=iphoneos*]" = "iPhone Developer";
				COPY_PHASE_STRIP = YES;
				GCC_C_LANGUAGE_STANDARD = gnu99;
				GCC_WARN_ABOUT_RETURN_TYPE = YES;
				GCC_WARN_UNINITIALIZED_AUTOS = YES;
				GCC_WARN_UNUSED_VARIABLE = YES;
				IPHONEOS_DEPLOYMENT_TARGET = 6.1;
				OTHER_CFLAGS = "-DNS_BLOCK_ASSERTIONS=1";
				SDKROOT = iphoneos;
				TARGETED_DEVICE_FAMILY = 2;
				VALIDATE_PRODUCT = YES;
			};
			name = Release;
		};
		DDE41B2416DFE08100342812 /* Debug */ = {
			isa = XCBuildConfiguration;
			buildSettings = {
				GCC_PRECOMPILE_PREFIX_HEADER = YES;
				GCC_PREFIX_HEADER = "TheLongline/TheLongline-Prefix.pch";
				INFOPLIST_FILE = "TheLongline/TheLongline-Info.plist";
				PRODUCT_NAME = "$(TARGET_NAME)";
				WRAPPER_EXTENSION = app;
			};
			name = Debug;
		};
		DDE41B2516DFE08100342812 /* Release */ = {
			isa = XCBuildConfiguration;
			buildSettings = {
				GCC_PRECOMPILE_PREFIX_HEADER = YES;
				GCC_PREFIX_HEADER = "TheLongline/TheLongline-Prefix.pch";
				INFOPLIST_FILE = "TheLongline/TheLongline-Info.plist";
				PRODUCT_NAME = "$(TARGET_NAME)";
				WRAPPER_EXTENSION = app;
			};
			name = Release;
		};
/* End XCBuildConfiguration section */

/* Begin XCConfigurationList section */
		DDE41AFB16DFE08100342812 /* Build configuration list for PBXProject "TheLongline" */ = {
			isa = XCConfigurationList;
			buildConfigurations = (
				DDE41B2116DFE08100342812 /* Debug */,
				DDE41B2216DFE08100342812 /* Release */,
			);
			defaultConfigurationIsVisible = 0;
			defaultConfigurationName = Release;
		};
		DDE41B2316DFE08100342812 /* Build configuration list for PBXNativeTarget "TheLongline" */ = {
			isa = XCConfigurationList;
			buildConfigurations = (
				DDE41B2416DFE08100342812 /* Debug */,
				DDE41B2516DFE08100342812 /* Release */,
			);
			defaultConfigurationIsVisible = 0;
		};
/* End XCConfigurationList section */
	};
	rootObject = DDE41AF816DFE08100342812 /* Project object */;
}
