// !$*UTF8*$!
{
	archiveVersion = 1;
	classes = {
	};
	objectVersion = 46;
	objects = {

/* Begin PBXBuildFile section */
		DDE41B7916E0224700342812 /* UIKit.framework in Frameworks */ = {isa = PBXBuildFile; fileRef = DDE41B7816E0224700342812 /* UIKit.framework */; };
		DDE41B7B16E0224700342812 /* Foundation.framework in Frameworks */ = {isa = PBXBuildFile; fileRef = DDE41B7A16E0224700342812 /* Foundation.framework */; };
		DDE41B7D16E0224700342812 /* CoreGraphics.framework in Frameworks */ = {isa = PBXBuildFile; fileRef = DDE41B7C16E0224700342812 /* CoreGraphics.framework */; };
		DDE41B8316E0224700342812 /* InfoPlist.strings in Resources */ = {isa = PBXBuildFile; fileRef = DDE41B8116E0224700342812 /* InfoPlist.strings */; };
		DDE41B8516E0224700342812 /* main.m in Sources */ = {isa = PBXBuildFile; fileRef = DDE41B8416E0224700342812 /* main.m */; };
		DDE41B8916E0224700342812 /* TOAppDelegate.m in Sources */ = {isa = PBXBuildFile; fileRef = DDE41B8816E0224700342812 /* TOAppDelegate.m */; };
		DDE41B8B16E0224700342812 /* Default.png in Resources */ = {isa = PBXBuildFile; fileRef = DDE41B8A16E0224700342812 /* Default.png */; };
		DDE41B8D16E0224700342812 /* Default@2x.png in Resources */ = {isa = PBXBuildFile; fileRef = DDE41B8C16E0224700342812 /* Default@2x.png */; };
		DDE41B8F16E0224700342812 /* Default-568h@2x.png in Resources */ = {isa = PBXBuildFile; fileRef = DDE41B8E16E0224700342812 /* Default-568h@2x.png */; };
		DDE41B9216E0224700342812 /* TOFirstViewController.m in Sources */ = {isa = PBXBuildFile; fileRef = DDE41B9116E0224700342812 /* TOFirstViewController.m */; };
		DDE41B9416E0224700342812 /* first.png in Resources */ = {isa = PBXBuildFile; fileRef = DDE41B9316E0224700342812 /* first.png */; };
		DDE41B9616E0224700342812 /* first@2x.png in Resources */ = {isa = PBXBuildFile; fileRef = DDE41B9516E0224700342812 /* first@2x.png */; };
		DDE41B9916E0224700342812 /* TOSecondViewController.m in Sources */ = {isa = PBXBuildFile; fileRef = DDE41B9816E0224700342812 /* TOSecondViewController.m */; };
		DDE41B9B16E0224700342812 /* second.png in Resources */ = {isa = PBXBuildFile; fileRef = DDE41B9A16E0224700342812 /* second.png */; };
		DDE41B9D16E0224700342812 /* second@2x.png in Resources */ = {isa = PBXBuildFile; fileRef = DDE41B9C16E0224700342812 /* second@2x.png */; };
		DDE41BA016E0224700342812 /* TOFirstViewController.xib in Resources */ = {isa = PBXBuildFile; fileRef = DDE41B9E16E0224700342812 /* TOFirstViewController.xib */; };
		DDE41BA316E0224700342812 /* TOSecondViewController.xib in Resources */ = {isa = PBXBuildFile; fileRef = DDE41BA116E0224700342812 /* TOSecondViewController.xib */; };
		DDE41BAA16E0227500342812 /* Storyboard.storyboard in Resources */ = {isa = PBXBuildFile; fileRef = DDE41BA916E0227500342812 /* Storyboard.storyboard */; };
		DDE41BAF16E022FC00342812 /* TOMasterViewController.m in Sources */ = {isa = PBXBuildFile; fileRef = DDE41BAC16E022E200342812 /* TOMasterViewController.m */; };
		DDE41BB016E0230500342812 /* TODetailViewController.m in Sources */ = {isa = PBXBuildFile; fileRef = DDE41BAE16E022E200342812 /* TODetailViewController.m */; };
		DDE41BB316E0234A00342812 /* TOEvent.m in Sources */ = {isa = PBXBuildFile; fileRef = DDE41BB216E0234700342812 /* TOEvent.m */; };
/* End PBXBuildFile section */

/* Begin PBXFileReference section */
		DDE41B7516E0224700342812 /* TheOld.app */ = {isa = PBXFileReference; explicitFileType = wrapper.application; includeInIndex = 0; path = TheOld.app; sourceTree = BUILT_PRODUCTS_DIR; };
		DDE41B7816E0224700342812 /* UIKit.framework */ = {isa = PBXFileReference; lastKnownFileType = wrapper.framework; name = UIKit.framework; path = System/Library/Frameworks/UIKit.framework; sourceTree = SDKROOT; };
		DDE41B7A16E0224700342812 /* Foundation.framework */ = {isa = PBXFileReference; lastKnownFileType = wrapper.framework; name = Foundation.framework; path = System/Library/Frameworks/Foundation.framework; sourceTree = SDKROOT; };
		DDE41B7C16E0224700342812 /* CoreGraphics.framework */ = {isa = PBXFileReference; lastKnownFileType = wrapper.framework; name = CoreGraphics.framework; path = System/Library/Frameworks/CoreGraphics.framework; sourceTree = SDKROOT; };
		DDE41B8016E0224700342812 /* TheOld-Info.plist */ = {isa = PBXFileReference; lastKnownFileType = text.plist.xml; path = "TheOld-Info.plist"; sourceTree = "<group>"; };
		DDE41B8216E0224700342812 /* en */ = {isa = PBXFileReference; lastKnownFileType = text.plist.strings; name = en; path = en.lproj/InfoPlist.strings; sourceTree = "<group>"; };
		DDE41B8416E0224700342812 /* main.m */ = {isa = PBXFileReference; lastKnownFileType = sourcecode.c.objc; path = main.m; sourceTree = "<group>"; };
		DDE41B8616E0224700342812 /* TheOld-Prefix.pch */ = {isa = PBXFileReference; lastKnownFileType = sourcecode.c.h; path = "TheOld-Prefix.pch"; sourceTree = "<group>"; };
		DDE41B8716E0224700342812 /* TOAppDelegate.h */ = {isa = PBXFileReference; lastKnownFileType = sourcecode.c.h; path = TOAppDelegate.h; sourceTree = "<group>"; };
		DDE41B8816E0224700342812 /* TOAppDelegate.m */ = {isa = PBXFileReference; lastKnownFileType = sourcecode.c.objc; path = TOAppDelegate.m; sourceTree = "<group>"; };
		DDE41B8A16E0224700342812 /* Default.png */ = {isa = PBXFileReference; lastKnownFileType = image.png; path = Default.png; sourceTree = "<group>"; };
		DDE41B8C16E0224700342812 /* Default@2x.png */ = {isa = PBXFileReference; lastKnownFileType = image.png; path = "Default@2x.png"; sourceTree = "<group>"; };
		DDE41B8E16E0224700342812 /* Default-568h@2x.png */ = {isa = PBXFileReference; lastKnownFileType = image.png; path = "Default-568h@2x.png"; sourceTree = "<group>"; };
		DDE41B9016E0224700342812 /* TOFirstViewController.h */ = {isa = PBXFileReference; lastKnownFileType = sourcecode.c.h; path = TOFirstViewController.h; sourceTree = "<group>"; };
		DDE41B9116E0224700342812 /* TOFirstViewController.m */ = {isa = PBXFileReference; lastKnownFileType = sourcecode.c.objc; path = TOFirstViewController.m; sourceTree = "<group>"; };
		DDE41B9316E0224700342812 /* first.png */ = {isa = PBXFileReference; lastKnownFileType = image.png; path = first.png; sourceTree = "<group>"; };
		DDE41B9516E0224700342812 /* first@2x.png */ = {isa = PBXFileReference; lastKnownFileType = image.png; path = "first@2x.png"; sourceTree = "<group>"; };
		DDE41B9716E0224700342812 /* TOSecondViewController.h */ = {isa = PBXFileReference; lastKnownFileType = sourcecode.c.h; path = TOSecondViewController.h; sourceTree = "<group>"; };
		DDE41B9816E0224700342812 /* TOSecondViewController.m */ = {isa = PBXFileReference; lastKnownFileType = sourcecode.c.objc; path = TOSecondViewController.m; sourceTree = "<group>"; };
		DDE41B9A16E0224700342812 /* second.png */ = {isa = PBXFileReference; lastKnownFileType = image.png; path = second.png; sourceTree = "<group>"; };
		DDE41B9C16E0224700342812 /* second@2x.png */ = {isa = PBXFileReference; lastKnownFileType = image.png; path = "second@2x.png"; sourceTree = "<group>"; };
		DDE41B9F16E0224700342812 /* en */ = {isa = PBXFileReference; lastKnownFileType = file.xib; name = en; path = en.lproj/TOFirstViewController.xib; sourceTree = "<group>"; };
		DDE41BA216E0224700342812 /* en */ = {isa = PBXFileReference; lastKnownFileType = file.xib; name = en; path = en.lproj/TOSecondViewController.xib; sourceTree = "<group>"; };
		DDE41BA916E0227500342812 /* Storyboard.storyboard */ = {isa = PBXFileReference; fileEncoding = 4; lastKnownFileType = file.storyboard; path = Storyboard.storyboard; sourceTree = "<group>"; };
		DDE41BAB16E022E200342812 /* TOMasterViewController.h */ = {isa = PBXFileReference; lastKnownFileType = sourcecode.c.h; path = TOMasterViewController.h; sourceTree = "<group>"; };
		DDE41BAC16E022E200342812 /* TOMasterViewController.m */ = {isa = PBXFileReference; lastKnownFileType = sourcecode.c.objc; path = TOMasterViewController.m; sourceTree = "<group>"; };
		DDE41BAD16E022E200342812 /* TODetailViewController.h */ = {isa = PBXFileReference; lastKnownFileType = sourcecode.c.h; path = TODetailViewController.h; sourceTree = "<group>"; };
		DDE41BAE16E022E200342812 /* TODetailViewController.m */ = {isa = PBXFileReference; lastKnownFileType = sourcecode.c.objc; path = TODetailViewController.m; sourceTree = "<group>"; };
		DDE41BB116E0234700342812 /* TOEvent.h */ = {isa = PBXFileReference; lastKnownFileType = sourcecode.c.h; path = TOEvent.h; sourceTree = "<group>"; };
		DDE41BB216E0234700342812 /* TOEvent.m */ = {isa = PBXFileReference; lastKnownFileType = sourcecode.c.objc; path = TOEvent.m; sourceTree = "<group>"; };
/* End PBXFileReference section */

/* Begin PBXFrameworksBuildPhase section */
		DDE41B7216E0224700342812 /* Frameworks */ = {
			isa = PBXFrameworksBuildPhase;
			buildActionMask = 2147483647;
			files = (
				DDE41B7916E0224700342812 /* UIKit.framework in Frameworks */,
				DDE41B7B16E0224700342812 /* Foundation.framework in Frameworks */,
				DDE41B7D16E0224700342812 /* CoreGraphics.framework in Frameworks */,
			);
			runOnlyForDeploymentPostprocessing = 0;
		};
/* End PBXFrameworksBuildPhase section */

/* Begin PBXGroup section */
		DDE41B6C16E0224700342812 = {
			isa = PBXGroup;
			children = (
				DDE41B7E16E0224700342812 /* TheOld */,
				DDE41B7716E0224700342812 /* Frameworks */,
				DDE41B7616E0224700342812 /* Products */,
			);
			sourceTree = "<group>";
		};
		DDE41B7616E0224700342812 /* Products */ = {
			isa = PBXGroup;
			children = (
				DDE41B7516E0224700342812 /* TheOld.app */,
			);
			name = Products;
			sourceTree = "<group>";
		};
		DDE41B7716E0224700342812 /* Frameworks */ = {
			isa = PBXGroup;
			children = (
				DDE41B7816E0224700342812 /* UIKit.framework */,
				DDE41B7A16E0224700342812 /* Foundation.framework */,
				DDE41B7C16E0224700342812 /* CoreGraphics.framework */,
			);
			name = Frameworks;
			sourceTree = "<group>";
		};
		DDE41B7E16E0224700342812 /* TheOld */ = {
			isa = PBXGroup;
			children = (
				DDE41B8716E0224700342812 /* TOAppDelegate.h */,
				DDE41B8816E0224700342812 /* TOAppDelegate.m */,
				DDE41BB116E0234700342812 /* TOEvent.h */,
				DDE41BB216E0234700342812 /* TOEvent.m */,
				DDE41B9016E0224700342812 /* TOFirstViewController.h */,
				DDE41B9116E0224700342812 /* TOFirstViewController.m */,
				DDE41B9316E0224700342812 /* first.png */,
				DDE41B9516E0224700342812 /* first@2x.png */,
				DDE41B9716E0224700342812 /* TOSecondViewController.h */,
				DDE41B9816E0224700342812 /* TOSecondViewController.m */,
				DDE41B9A16E0224700342812 /* second.png */,
				DDE41B9C16E0224700342812 /* second@2x.png */,
				DDE41B9E16E0224700342812 /* TOFirstViewController.xib */,
				DDE41BA116E0224700342812 /* TOSecondViewController.xib */,
				DDE41BAB16E022E200342812 /* TOMasterViewController.h */,
				DDE41BAC16E022E200342812 /* TOMasterViewController.m */,
				DDE41BAD16E022E200342812 /* TODetailViewController.h */,
				DDE41BAE16E022E200342812 /* TODetailViewController.m */,
				DDE41B7F16E0224700342812 /* Supporting Files */,
				DDE41BA916E0227500342812 /* Storyboard.storyboard */,
			);
			path = TheOld;
			sourceTree = "<group>";
		};
		DDE41B7F16E0224700342812 /* Supporting Files */ = {
			isa = PBXGroup;
			children = (
				DDE41B8016E0224700342812 /* TheOld-Info.plist */,
				DDE41B8116E0224700342812 /* InfoPlist.strings */,
				DDE41B8416E0224700342812 /* main.m */,
				DDE41B8616E0224700342812 /* TheOld-Prefix.pch */,
				DDE41B8A16E0224700342812 /* Default.png */,
				DDE41B8C16E0224700342812 /* Default@2x.png */,
				DDE41B8E16E0224700342812 /* Default-568h@2x.png */,
			);
			name = "Supporting Files";
			sourceTree = "<group>";
		};
/* End PBXGroup section */

/* Begin PBXNativeTarget section */
		DDE41B7416E0224700342812 /* TheOld */ = {
			isa = PBXNativeTarget;
			buildConfigurationList = DDE41BA616E0224700342812 /* Build configuration list for PBXNativeTarget "TheOld" */;
			buildPhases = (
				DDE41B7116E0224700342812 /* Sources */,
				DDE41B7216E0224700342812 /* Frameworks */,
				DDE41B7316E0224700342812 /* Resources */,
			);
			buildRules = (
			);
			dependencies = (
			);
			name = TheOld;
			productName = TheOld;
			productReference = DDE41B7516E0224700342812 /* TheOld.app */;
			productType = "com.apple.product-type.application";
		};
/* End PBXNativeTarget section */

/* Begin PBXProject section */
		DDE41B6D16E0224700342812 /* Project object */ = {
			isa = PBXProject;
			attributes = {
				CLASSPREFIX = TO;
				LastUpgradeCheck = 0460;
				ORGANIZATIONNAME = Z;
			};
			buildConfigurationList = DDE41B7016E0224700342812 /* Build configuration list for PBXProject "TheOld" */;
			compatibilityVersion = "Xcode 3.2";
			developmentRegion = English;
			hasScannedForEncodings = 0;
			knownRegions = (
				en,
			);
			mainGroup = DDE41B6C16E0224700342812;
			productRefGroup = DDE41B7616E0224700342812 /* Products */;
			projectDirPath = "";
			projectRoot = "";
			targets = (
				DDE41B7416E0224700342812 /* TheOld */,
			);
		};
/* End PBXProject section */

/* Begin PBXResourcesBuildPhase section */
		DDE41B7316E0224700342812 /* Resources */ = {
			isa = PBXResourcesBuildPhase;
			buildActionMask = 2147483647;
			files = (
				DDE41B8316E0224700342812 /* InfoPlist.strings in Resources */,
				DDE41B8B16E0224700342812 /* Default.png in Resources */,
				DDE41B8D16E0224700342812 /* Default@2x.png in Resources */,
				DDE41B8F16E0224700342812 /* Default-568h@2x.png in Resources */,
				DDE41B9416E0224700342812 /* first.png in Resources */,
				DDE41B9616E0224700342812 /* first@2x.png in Resources */,
				DDE41B9B16E0224700342812 /* second.png in Resources */,
				DDE41B9D16E0224700342812 /* second@2x.png in Resources */,
				DDE41BA016E0224700342812 /* TOFirstViewController.xib in Resources */,
				DDE41BA316E0224700342812 /* TOSecondViewController.xib in Resources */,
				DDE41BAA16E0227500342812 /* Storyboard.storyboard in Resources */,
			);
			runOnlyForDeploymentPostprocessing = 0;
		};
/* End PBXResourcesBuildPhase section */

/* Begin PBXSourcesBuildPhase section */
		DDE41B7116E0224700342812 /* Sources */ = {
			isa = PBXSourcesBuildPhase;
			buildActionMask = 2147483647;
			files = (
				DDE41B8516E0224700342812 /* main.m in Sources */,
				DDE41B8916E0224700342812 /* TOAppDelegate.m in Sources */,
				DDE41B9216E0224700342812 /* TOFirstViewController.m in Sources */,
				DDE41B9916E0224700342812 /* TOSecondViewController.m in Sources */,
				DDE41BAF16E022FC00342812 /* TOMasterViewController.m in Sources */,
				DDE41BB016E0230500342812 /* TODetailViewController.m in Sources */,
				DDE41BB316E0234A00342812 /* TOEvent.m in Sources */,
			);
			runOnlyForDeploymentPostprocessing = 0;
		};
/* End PBXSourcesBuildPhase section */

/* Begin PBXVariantGroup section */
		DDE41B8116E0224700342812 /* InfoPlist.strings */ = {
			isa = PBXVariantGroup;
			children = (
				DDE41B8216E0224700342812 /* en */,
			);
			name = InfoPlist.strings;
			sourceTree = "<group>";
		};
		DDE41B9E16E0224700342812 /* TOFirstViewController.xib */ = {
			isa = PBXVariantGroup;
			children = (
				DDE41B9F16E0224700342812 /* en */,
			);
			name = TOFirstViewController.xib;
			sourceTree = "<group>";
		};
		DDE41BA116E0224700342812 /* TOSecondViewController.xib */ = {
			isa = PBXVariantGroup;
			children = (
				DDE41BA216E0224700342812 /* en */,
			);
			name = TOSecondViewController.xib;
			sourceTree = "<group>";
		};
/* End PBXVariantGroup section */

/* Begin XCBuildConfiguration section */
		DDE41BA416E0224700342812 /* Debug */ = {
			isa = XCBuildConfiguration;
			buildSettings = {
				ALWAYS_SEARCH_USER_PATHS = NO;
				CLANG_CXX_LANGUAGE_STANDARD = "gnu++0x";
				CLANG_CXX_LIBRARY = "libc++";
				CLANG_ENABLE_OBJC_ARC = YES;
				CLANG_WARN_CONSTANT_CONVERSION = YES;
				CLANG_WARN_EMPTY_BODY = YES;
				CLANG_WARN_ENUM_CONVERSION = YES;
				CLANG_WARN_INT_CONVERSION = YES;
				CLANG_WARN__DUPLICATE_METHOD_MATCH = YES;
				"CODE_SIGN_IDENTITY[sdk=iphoneos*]" = "iPhone Developer";
				COPY_PHASE_STRIP = NO;
				GCC_C_LANGUAGE_STANDARD = gnu99;
				GCC_DYNAMIC_NO_PIC = NO;
				GCC_OPTIMIZATION_LEVEL = 0;
				GCC_PREPROCESSOR_DEFINITIONS = (
					"DEBUG=1",
					"$(inherited)",
				);
				GCC_SYMBOLS_PRIVATE_EXTERN = NO;
				GCC_WARN_ABOUT_RETURN_TYPE = YES;
				GCC_WARN_UNINITIALIZED_AUTOS = YES;
				GCC_WARN_UNUSED_VARIABLE = YES;
				IPHONEOS_DEPLOYMENT_TARGET = 6.1;
				ONLY_ACTIVE_ARCH = YES;
				SDKROOT = iphoneos;
			};
			name = Debug;
		};
		DDE41BA516E0224700342812 /* Release */ = {
			isa = XCBuildConfiguration;
			buildSettings = {
				ALWAYS_SEARCH_USER_PATHS = NO;
				CLANG_CXX_LANGUAGE_STANDARD = "gnu++0x";
				CLANG_CXX_LIBRARY = "libc++";
				CLANG_ENABLE_OBJC_ARC = YES;
				CLANG_WARN_CONSTANT_CONVERSION = YES;
				CLANG_WARN_EMPTY_BODY = YES;
				CLANG_WARN_ENUM_CONVERSION = YES;
				CLANG_WARN_INT_CONVERSION = YES;
				CLANG_WARN__DUPLICATE_METHOD_MATCH = YES;
				"CODE_SIGN_IDENTITY[sdk=iphoneos*]" = "iPhone Developer";
				COPY_PHASE_STRIP = YES;
				GCC_C_LANGUAGE_STANDARD = gnu99;
				GCC_WARN_ABOUT_RETURN_TYPE = YES;
				GCC_WARN_UNINITIALIZED_AUTOS = YES;
				GCC_WARN_UNUSED_VARIABLE = YES;
				IPHONEOS_DEPLOYMENT_TARGET = 6.1;
				OTHER_CFLAGS = "-DNS_BLOCK_ASSERTIONS=1";
				SDKROOT = iphoneos;
				VALIDATE_PRODUCT = YES;
			};
			name = Release;
		};
		DDE41BA716E0224700342812 /* Debug */ = {
			isa = XCBuildConfiguration;
			buildSettings = {
				GCC_PRECOMPILE_PREFIX_HEADER = YES;
				GCC_PREFIX_HEADER = "TheOld/TheOld-Prefix.pch";
				INFOPLIST_FILE = "TheOld/TheOld-Info.plist";
				PRODUCT_NAME = "$(TARGET_NAME)";
				WRAPPER_EXTENSION = app;
			};
			name = Debug;
		};
		DDE41BA816E0224700342812 /* Release */ = {
			isa = XCBuildConfiguration;
			buildSettings = {
				GCC_PRECOMPILE_PREFIX_HEADER = YES;
				GCC_PREFIX_HEADER = "TheOld/TheOld-Prefix.pch";
				INFOPLIST_FILE = "TheOld/TheOld-Info.plist";
				PRODUCT_NAME = "$(TARGET_NAME)";
				WRAPPER_EXTENSION = app;
			};
			name = Release;
		};
/* End XCBuildConfiguration section */

/* Begin XCConfigurationList section */
		DDE41B7016E0224700342812 /* Build configuration list for PBXProject "TheOld" */ = {
			isa = XCConfigurationList;
			buildConfigurations = (
				DDE41BA416E0224700342812 /* Debug */,
				DDE41BA516E0224700342812 /* Release */,
			);
			defaultConfigurationIsVisible = 0;
			defaultConfigurationName = Release;
		};
		DDE41BA616E0224700342812 /* Build configuration list for PBXNativeTarget "TheOld" */ = {
			isa = XCConfigurationList;
			buildConfigurations = (
				DDE41BA716E0224700342812 /* Debug */,
				DDE41BA816E0224700342812 /* Release */,
			);
			defaultConfigurationIsVisible = 0;
		};
/* End XCConfigurationList section */
	};
	rootObject = DDE41B6D16E0224700342812 /* Project object */;
}
